# This file was autogenerated by Stack.
# You should not edit this file by hand.
# For more information, please see the documentation at:
#   https://docs.haskellstack.org/en/stable/lock_files

packages:
- completed:
    hackage: PortMidi-0.2.0.0@sha256:0671e36ec72e95138bf396234b205864a8a6d0ee353e09e01cbfd57004c56f40,2383
    pantry-tree:
      sha256: c9936666afc390560319024c25ecb184e2518ae4d3be5ae14081231091c1f073
      size: 1818
  original:
    hackage: PortMidi-0.2.0.0
- completed:
    hackage: random-1.2.1.1@sha256:dea1f11e5569332dc6c8efaad1cb301016a5587b6754943a49f9de08ae0e56d9,6541
    pantry-tree:
      sha256: 646ee77fe01178837ee928b61ae8653dcf190e9b5353ebebd094079c77a18b76
      size: 1528
  original:
    hackage: random-1.2.1.1
snapshots:
- completed:
    sha256: 42f77c84b34f68c30c2cd0bf8c349f617a0f428264362426290847a6a2019b64
    size: 649618
    url: https://raw.githubusercontent.com/commercialhaskell/stackage-snapshots/master/lts/20/19.yaml
  original: lts-20.19
